<?xml version="1.0" encoding="utf-8"?>
<Project ToolsVersion="4.0" xmlns="http://schemas.microsoft.com/developer/msbuild/2003">
  <ItemGroup>
    <ClCompile Include="main.cpp" />
    <ClCompile Include="Precompiled.cpp">
      <Filter>Precompiled</Filter>
    </ClCompile>
    <ClCompile Include="SFML_Input_Handler.cpp">
      <Filter>Input</Filter>
    </ClCompile>
    <ClCompile Include="Input_Handler.cpp" />
    <ClCompile Include="Unit.cpp" />
    <ClCompile Include="SFML_Renderer.cpp">
      <Filter>Rendering</Filter>
    </ClCompile>
    <ClCompile Include="Game_Runner.cpp" />
  </ItemGroup>
  <ItemGroup>
    <Filter Include="Precompiled">
      <UniqueIdentifier>{92f1c73a-c2ea-4322-afec-74c388668350}</UniqueIdentifier>
    </Filter>
    <Filter Include="Input">
      <UniqueIdentifier>{11b571bd-f2d6-4b62-a1c9-27135cab0e5e}</UniqueIdentifier>
    </Filter>
    <Filter Include="Game Data">
      <UniqueIdentifier>{caa47125-eb2d-493a-bd48-6a6537bbbd76}</UniqueIdentifier>
    </Filter>
    <Filter Include="Game Data\Units">
      <UniqueIdentifier>{1859f1b4-2730-4579-a12a-942274aa5b35}</UniqueIdentifier>
    </Filter>
    <Filter Include="Game Data\Generic">
      <UniqueIdentifier>{1cf09eee-9892-4ea1-9f70-fb38fea58770}</UniqueIdentifier>
    </Filter>
    <Filter Include="Rendering">
      <UniqueIdentifier>{ff9295c5-05a6-4869-9d38-bb03fb73d5ea}</UniqueIdentifier>
    </Filter>
    <Filter Include="Game">
      <UniqueIdentifier>{981fbebf-e077-45aa-85fb-50eaf8560a77}</UniqueIdentifier>
    </Filter>
  </ItemGroup>
  <ItemGroup>
    <ClInclude Include="Precompiled.h">
      <Filter>Precompiled</Filter>
    </ClInclude>
    <ClInclude Include="Input_Handler.h">
      <Filter>Input</Filter>
    </ClInclude>
    <ClInclude Include="Input_Request.h">
      <Filter>Input</Filter>
    </ClInclude>
    <ClInclude Include="SFML_Input_Handler.h">
      <Filter>Input</Filter>
    </ClInclude>
    <ClInclude Include="Request_Types.h">
      <Filter>Input</Filter>
    </ClInclude>
    <ClInclude Include="Game_Data.h">
      <Filter>Game Data\Generic</Filter>
    </ClInclude>
    <ClInclude Include="Unit.h" />
    <ClInclude Include="SFML_Renderer.h">
      <Filter>Rendering</Filter>
    </ClInclude>
    <ClInclude Include="Game_Runner.h" />
  </ItemGroup>
</Project>